{
  "nodes": {
    "nixpkgs": {
      "locked": {
        "lastModified": 1732269213,
        "narHash": "sha256-Mrt4opMsoBdT1vq3hkkh/Ibm1ZX5WjHKU089EtgeiAU=",
        "owner": "NixOS",
        "repo": "nixpkgs",
        "rev": "1f8150661e78f70bda0b51893344326fc2ca264c",
        "type": "github"
      },
      "original": {
        "owner": "NixOS",
        "repo": "nixpkgs",
        "type": "github"
      }
    },
    "root": {
      "inputs": {
        "nixpkgs": "nixpkgs"
      }
    }
  },
  "root": "root",
  "version": 7
}
